# THIS IS AN AUTOGENERATED FILE. DO NOT EDIT THIS FILE DIRECTLY.
# yarn lockfile v1


eslint-plugin-react-hooks@^3.0.0:
  version "3.0.0"
  resolved "https://registry.yarnpkg.com/eslint-plugin-react-hooks/-/eslint-plugin-react-hooks-3.0.0.tgz#9e80c71846eb68dd29c3b21d832728aa66e5bd35"
  integrity sha512-EjxTHxjLKIBWFgDJdhKKzLh5q+vjTFrqNZX36uIxWS4OfyXe5DawqPj3U5qeJ1ngLwatjzQnmR0Lz0J0YH3kxw==

react-hooks@^1.0.1:
  version "1.0.1"
  resolved "https://registry.yarnpkg.com/react-hooks/-/react-hooks-1.0.1.tgz#e62197c38cd8d0703060f791234f7f4698aa7c44"
  integrity sha1-5iGXw4zY0HAwYPeRI09/RpiqfEQ=
